
Microsoft Visual Studio Solution File, Format Version 12.00
# Visual Studio Version 16
VisualStudioVersion = 16.0.29920.165
MinimumVisualStudioVersion = 10.0.40219.1
Project("{FAE04EC0-301F-11D3-BF4B-00C04F79EFBC}") = "Laba1_var7", "Laba1_var7\Laba1_var7.csproj", "{C3AF2E4F-8F63-42D2-8690-CDCF7B9D692D}"
EndProject
Global
	GlobalSection(SolutionConfigurationPlatforms) = preSolution
		Debug|Any CPU = Debug|Any CPU
		Release|Any CPU = Release|Any CPU
	EndGlobalSection
	GlobalSection(ProjectConfigurationPlatforms) = postSolution
		{C3AF2E4F-8F63-42D2-8690-CDCF7B9D692D}.Debug|Any CPU.ActiveCfg = Debug|Any CPU
		{C3AF2E4F-8F63-42D2-8690-CDCF7B9D692D}.Debug|Any CPU.Build.0 = Debug|Any CPU
		{C3AF2E4F-8F63-42D2-8690-CDCF7B9D692D}.Release|Any CPU.ActiveCfg = Release|Any CPU
		{C3AF2E4F-8F63-42D2-8690-CDCF7B9D692D}.Release|Any CPU.Build.0 = Release|Any CPU
	EndGlobalSection
	GlobalSection(SolutionProperties) = preSolution
		HideSolutionNode = FALSE
	EndGlobalSection
	GlobalSection(ExtensibilityGlobals) = postSolution
		SolutionGuid = {01979980-2520-4E9B-8C03-AF8B2ADB30A0}
	EndGlobalSection
EndGlobal
